{
  "name": "single-spa",
  "version": "1.0.0",
  "lockfileVersion": 2,
  "requires": true,
  "packages": {
    "": {
      "name": "single-spa",
      "version": "1.0.0",
      "license": "ISC",
      "devDependencies": {
        "rollup": "^2.23.0",
        "rollup-plugin-serve": "^1.0.3"
      }
    },
    "node_modules/fsevents": {
      "version": "2.1.3",
      "resolved": "https://registry.npm.taobao.org/fsevents/download/fsevents-2.1.3.tgz",
      "integrity": "sha1-+3OHA66NL5/pAMM4Nt3r7ouX8j4=",
      "deprecated": "\"Please update to latest v2.3 or v2.2\"",
      "dev": true,
      "hasInstallScript": true,
      "optional": true,
      "os": [
        "darwin"
      ],
      "engines": {
        "node": "^8.16.0 || ^10.6.0 || >=11.0.0"
      }
    },
    "node_modules/mime": {
      "version": "2.4.6",
      "resolved": "https://registry.npm.taobao.org/mime/download/mime-2.4.6.tgz?cache=0&sync_timestamp=1590596706367&other_urls=https%3A%2F%2Fregistry.npm.taobao.org%2Fmime%2Fdownload%2Fmime-2.4.6.tgz",
      "integrity": "sha1-5bQHyQ20QvK+tbFiNz0Htpr/pNE=",
      "dev": true,
      "bin": {
        "mime": "cli.js"
      },
      "engines": {
        "node": ">=4.0.0"
      }
    },
    "node_modules/opener": {
      "version": "1.5.1",
      "resolved": "https://registry.npm.taobao.org/opener/download/opener-1.5.1.tgz",
      "integrity": "sha1-bS8Od/GgrwAyrKcWwsH7uOfoq+0=",
      "dev": true,
      "bin": {
        "opener": "bin/opener-bin.js"
      }
    },
    "node_modules/rollup": {
      "version": "2.23.0",
      "resolved": "https://registry.npm.taobao.org/rollup/download/rollup-2.23.0.tgz?cache=0&sync_timestamp=1595563379870&other_urls=https%3A%2F%2Fregistry.npm.taobao.org%2Frollup%2Fdownload%2Frollup-2.23.0.tgz",
      "integrity": "sha1-t6sf7gwOYBMv0FU8TfHpzaz62p0=",
      "dev": true,
      "bin": {
        "rollup": "dist/bin/rollup"
      },
      "engines": {
        "node": ">=10.0.0"
      },
      "optionalDependencies": {
        "fsevents": "~2.1.2"
      }
    },
    "node_modules/rollup-plugin-serve": {
      "version": "1.0.3",
      "resolved": "https://registry.npm.taobao.org/rollup-plugin-serve/download/rollup-plugin-serve-1.0.3.tgz",
      "integrity": "sha1-QJpSMD7814kRg0o321g1t2ovjmE=",
      "dev": true,
      "dependencies": {
        "mime": ">=2.0.3",
        "opener": "1"
      }
    }
  },
  "dependencies": {
    "fsevents": {
      "version": "2.1.3",
      "resolved": "https://registry.npm.taobao.org/fsevents/download/fsevents-2.1.3.tgz",
      "integrity": "sha1-+3OHA66NL5/pAMM4Nt3r7ouX8j4=",
      "dev": true,
      "optional": true
    },
    "mime": {
      "version": "2.4.6",
      "resolved": "https://registry.npm.taobao.org/mime/download/mime-2.4.6.tgz?cache=0&sync_timestamp=1590596706367&other_urls=https%3A%2F%2Fregistry.npm.taobao.org%2Fmime%2Fdownload%2Fmime-2.4.6.tgz",
      "integrity": "sha1-5bQHyQ20QvK+tbFiNz0Htpr/pNE=",
      "dev": true
    },
    "opener": {
      "version": "1.5.1",
      "resolved": "https://registry.npm.taobao.org/opener/download/opener-1.5.1.tgz",
      "integrity": "sha1-bS8Od/GgrwAyrKcWwsH7uOfoq+0=",
      "dev": true
    },
    "rollup": {
      "version": "2.23.0",
      "resolved": "https://registry.npm.taobao.org/rollup/download/rollup-2.23.0.tgz?cache=0&sync_timestamp=1595563379870&other_urls=https%3A%2F%2Fregistry.npm.taobao.org%2Frollup%2Fdownload%2Frollup-2.23.0.tgz",
      "integrity": "sha1-t6sf7gwOYBMv0FU8TfHpzaz62p0=",
      "dev": true,
      "requires": {
        "fsevents": "~2.1.2"
      }
    },
    "rollup-plugin-serve": {
      "version": "1.0.3",
      "resolved": "https://registry.npm.taobao.org/rollup-plugin-serve/download/rollup-plugin-serve-1.0.3.tgz",
      "integrity": "sha1-QJpSMD7814kRg0o321g1t2ovjmE=",
      "dev": true,
      "requires": {
        "mime": ">=2.0.3",
        "opener": "1"
      }
    }
  }
}
